
Microsoft Visual Studio Solution File, Format Version 12.00
# Visual Studio Version 17
VisualStudioVersion = 17.0.32014.148
MinimumVisualStudioVersion = 10.0.40219.1
Project("{FAE04EC0-301F-11D3-BF4B-00C04F79EFBC}") = "CreateTask2025", "CreateTask2025\CreateTask2025.csproj", "{6E1BC6DB-FC73-4AD2-A3EF-25A084B68BF1}"
EndProject
Global
	GlobalSection(SolutionConfigurationPlatforms) = preSolution
		Debug|Any CPU = Debug|Any CPU
		Release|Any CPU = Release|Any CPU
	EndGlobalSection
	GlobalSection(ProjectConfigurationPlatforms) = postSolution
		{6E1BC6DB-FC73-4AD2-A3EF-25A084B68BF1}.Debug|Any CPU.ActiveCfg = Debug|Any CPU
		{6E1BC6DB-FC73-4AD2-A3EF-25A084B68BF1}.Debug|Any CPU.Build.0 = Debug|Any CPU
		{6E1BC6DB-FC73-4AD2-A3EF-25A084B68BF1}.Release|Any CPU.ActiveCfg = Release|Any CPU
		{6E1BC6DB-FC73-4AD2-A3EF-25A084B68BF1}.Release|Any CPU.Build.0 = Release|Any CPU
	EndGlobalSection
	GlobalSection(SolutionProperties) = preSolution
		HideSolutionNode = FALSE
	EndGlobalSection
	GlobalSection(ExtensibilityGlobals) = postSolution
		SolutionGuid = {C391BE8D-9800-4185-A75A-A4C50F459F86}
	EndGlobalSection
EndGlobal
